// !$*UTF8*$!
{
	archiveVersion = 1;
	classes = {
	};
	objectVersion = 55;
	objects = {

/* Begin PBXBuildFile section */
		4332A3E22ACA356A00CF157E /* ConfigurationViewController.swift in Sources */ = {isa = PBXBuildFile; fileRef = 4332A3E12ACA356A00CF157E /* ConfigurationViewController.swift */; };
		4332A3E52ACA358800CF157E /* ConfigurationView.swift in Sources */ = {isa = PBXBuildFile; fileRef = 4332A3E42ACA358800CF157E /* ConfigurationView.swift */; };
		4335621028E8A0D6007D8F88 /* AppDelegate.swift in Sources */ = {isa = PBXBuildFile; fileRef = 4335620F28E8A0D6007D8F88 /* AppDelegate.swift */; };
		4335621228E8A0D6007D8F88 /* SceneDelegate.swift in Sources */ = {isa = PBXBuildFile; fileRef = 4335621128E8A0D6007D8F88 /* SceneDelegate.swift */; };
		4335621928E8A0D9007D8F88 /* Assets.xcassets in Resources */ = {isa = PBXBuildFile; fileRef = 4335621828E8A0D9007D8F88 /* Assets.xcassets */; };
		4335621C28E8A0D9007D8F88 /* LaunchScreen.storyboard in Resources */ = {isa = PBXBuildFile; fileRef = 4335621A28E8A0D9007D8F88 /* LaunchScreen.storyboard */; };
		4335622728E8A0D9007D8F88 /* StockCheckerV2Tests.swift in Sources */ = {isa = PBXBuildFile; fileRef = 4335622628E8A0D9007D8F88 /* StockCheckerV2Tests.swift */; };
		4335623128E8A0D9007D8F88 /* StockCheckerV2UITests.swift in Sources */ = {isa = PBXBuildFile; fileRef = 4335623028E8A0D9007D8F88 /* StockCheckerV2UITests.swift */; };
		4335623328E8A0D9007D8F88 /* StockCheckerV2UITestsLaunchTests.swift in Sources */ = {isa = PBXBuildFile; fileRef = 4335623228E8A0D9007D8F88 /* StockCheckerV2UITestsLaunchTests.swift */; };
		4335624428E8A133007D8F88 /* ResultsViewController.swift in Sources */ = {isa = PBXBuildFile; fileRef = 4335624328E8A133007D8F88 /* ResultsViewController.swift */; };
		4335624628E8A1C7007D8F88 /* NetworkClient.swift in Sources */ = {isa = PBXBuildFile; fileRef = 4335624528E8A1C7007D8F88 /* NetworkClient.swift */; };
		4335624C28E8A1D1007D8F88 /* FulfilmentDto.swift in Sources */ = {isa = PBXBuildFile; fileRef = 4335624728E8A1D0007D8F88 /* FulfilmentDto.swift */; };
		4335624E28E8A1D1007D8F88 /* AvailabilityRepository.swift in Sources */ = {isa = PBXBuildFile; fileRef = 4335624928E8A1D1007D8F88 /* AvailabilityRepository.swift */; };
		4335624F28E8A1D1007D8F88 /* FulfilmentStore.swift in Sources */ = {isa = PBXBuildFile; fileRef = 4335624A28E8A1D1007D8F88 /* FulfilmentStore.swift */; };
		4335625028E8A1D1007D8F88 /* AvailabilityApiService.swift in Sources */ = {isa = PBXBuildFile; fileRef = 4335624B28E8A1D1007D8F88 /* AvailabilityApiService.swift */; };
		4335625528E9CB16007D8F88 /* ResultsViewModel.swift in Sources */ = {isa = PBXBuildFile; fileRef = 4335625428E9CB16007D8F88 /* ResultsViewModel.swift */; };
		4335625928E9D705007D8F88 /* WatchDogInteractor.swift in Sources */ = {isa = PBXBuildFile; fileRef = 4335625828E9D705007D8F88 /* WatchDogInteractor.swift */; };
		4335625B28E9D924007D8F88 /* SpeakInteractor.swift in Sources */ = {isa = PBXBuildFile; fileRef = 4335625A28E9D924007D8F88 /* SpeakInteractor.swift */; };
		4346DE5A2AD76F0C00C795C3 /* DeviceSelectionView.swift in Sources */ = {isa = PBXBuildFile; fileRef = 4346DE592AD76F0C00C795C3 /* DeviceSelectionView.swift */; };
		4363360C28F182C200E373F5 /* InfoView.swift in Sources */ = {isa = PBXBuildFile; fileRef = 4363360B28F182C200E373F5 /* InfoView.swift */; };
		4363360E28F18B1300E373F5 /* HistoryViewController.swift in Sources */ = {isa = PBXBuildFile; fileRef = 4363360D28F18B1300E373F5 /* HistoryViewController.swift */; };
		4363361028F1E95600E373F5 /* HistoryViewModel.swift in Sources */ = {isa = PBXBuildFile; fileRef = 4363360F28F1E95600E373F5 /* HistoryViewModel.swift */; };
		4363361228F1F04000E373F5 /* UIBarButtonItem+extension.swift in Sources */ = {isa = PBXBuildFile; fileRef = 4363361128F1F04000E373F5 /* UIBarButtonItem+extension.swift */; };
		4363361528F2D7E000E373F5 /* Lottie in Frameworks */ = {isa = PBXBuildFile; productRef = 4363361428F2D7E000E373F5 /* Lottie */; };
		4363361728F2D7FA00E373F5 /* AnimatedMessageView.swift in Sources */ = {isa = PBXBuildFile; fileRef = 4363361628F2D7FA00E373F5 /* AnimatedMessageView.swift */; };
		4363361928F2D85E00E373F5 /* dog-walking.json in Resources */ = {isa = PBXBuildFile; fileRef = 4363361828F2D85E00E373F5 /* dog-walking.json */; };
		4363361C28F2DC0600E373F5 /* WatchDogAnimation.swift in Sources */ = {isa = PBXBuildFile; fileRef = 4363361B28F2DC0600E373F5 /* WatchDogAnimation.swift */; };
		438A60FD2AD4F3B2008A6E81 /* DeviceApiService.swift in Sources */ = {isa = PBXBuildFile; fileRef = 438A60FC2AD4F3B2008A6E81 /* DeviceApiService.swift */; };
		438A60FF2AD4F3BB008A6E81 /* DeviceDto.swift in Sources */ = {isa = PBXBuildFile; fileRef = 438A60FE2AD4F3BB008A6E81 /* DeviceDto.swift */; };
		438A61012AD4F53F008A6E81 /* DeviceRepository.swift in Sources */ = {isa = PBXBuildFile; fileRef = 438A61002AD4F53F008A6E81 /* DeviceRepository.swift */; };
		438A61032AD4F5D0008A6E81 /* Device.swift in Sources */ = {isa = PBXBuildFile; fileRef = 438A61022AD4F5D0008A6E81 /* Device.swift */; };
		438A61052AD4F68C008A6E81 /* DeviceStorageService.swift in Sources */ = {isa = PBXBuildFile; fileRef = 438A61042AD4F68C008A6E81 /* DeviceStorageService.swift */; };
		438A61072AD4F956008A6E81 /* Region.swift in Sources */ = {isa = PBXBuildFile; fileRef = 438A61062AD4F956008A6E81 /* Region.swift */; };
		43B23B2528EB97FA00552B6C /* AvailabilityStorageService.swift in Sources */ = {isa = PBXBuildFile; fileRef = 43B23B2428EB97FA00552B6C /* AvailabilityStorageService.swift */; };
		43B2532728EDEEB500552B6C /* AvailabilityHistory.swift in Sources */ = {isa = PBXBuildFile; fileRef = 43B2532628EDEEB500552B6C /* AvailabilityHistory.swift */; };
		43B2532A28EDF74E00552B6C /* AvailableResultCell.swift in Sources */ = {isa = PBXBuildFile; fileRef = 43B2532928EDF74E00552B6C /* AvailableResultCell.swift */; };
		43B2532C28EEE1BC00552B6C /* Layout+Helper.swift in Sources */ = {isa = PBXBuildFile; fileRef = 43B2532B28EEE1BC00552B6C /* Layout+Helper.swift */; };
		43B2532E28EEE76400552B6C /* CellProtocol.swift in Sources */ = {isa = PBXBuildFile; fileRef = 43B2532D28EEE76400552B6C /* CellProtocol.swift */; };
/* End PBXBuildFile section */

/* Begin PBXContainerItemProxy section */
		4335622328E8A0D9007D8F88 /* PBXContainerItemProxy */ = {
			isa = PBXContainerItemProxy;
			containerPortal = 4335620428E8A0D6007D8F88 /* Project object */;
			proxyType = 1;
			remoteGlobalIDString = 4335620B28E8A0D6007D8F88;
			remoteInfo = StockCheckerV2;
		};
		4335622D28E8A0D9007D8F88 /* PBXContainerItemProxy */ = {
			isa = PBXContainerItemProxy;
			containerPortal = 4335620428E8A0D6007D8F88 /* Project object */;
			proxyType = 1;
			remoteGlobalIDString = 4335620B28E8A0D6007D8F88;
			remoteInfo = StockCheckerV2;
		};
/* End PBXContainerItemProxy section */

/* Begin PBXFileReference section */
		4332A3E12ACA356A00CF157E /* ConfigurationViewController.swift */ = {isa = PBXFileReference; lastKnownFileType = sourcecode.swift; path = ConfigurationViewController.swift; sourceTree = "<group>"; };
		4332A3E42ACA358800CF157E /* ConfigurationView.swift */ = {isa = PBXFileReference; lastKnownFileType = sourcecode.swift; path = ConfigurationView.swift; sourceTree = "<group>"; };
		4335620C28E8A0D6007D8F88 /* StockCheckerV2.app */ = {isa = PBXFileReference; explicitFileType = wrapper.application; includeInIndex = 0; path = StockCheckerV2.app; sourceTree = BUILT_PRODUCTS_DIR; };
		4335620F28E8A0D6007D8F88 /* AppDelegate.swift */ = {isa = PBXFileReference; lastKnownFileType = sourcecode.swift; path = AppDelegate.swift; sourceTree = "<group>"; };
		4335621128E8A0D6007D8F88 /* SceneDelegate.swift */ = {isa = PBXFileReference; lastKnownFileType = sourcecode.swift; path = SceneDelegate.swift; sourceTree = "<group>"; };
		4335621828E8A0D9007D8F88 /* Assets.xcassets */ = {isa = PBXFileReference; lastKnownFileType = folder.assetcatalog; path = Assets.xcassets; sourceTree = "<group>"; };
		4335621B28E8A0D9007D8F88 /* Base */ = {isa = PBXFileReference; lastKnownFileType = file.storyboard; name = Base; path = Base.lproj/LaunchScreen.storyboard; sourceTree = "<group>"; };
		4335621D28E8A0D9007D8F88 /* Info.plist */ = {isa = PBXFileReference; lastKnownFileType = text.plist.xml; path = Info.plist; sourceTree = "<group>"; };
		4335622228E8A0D9007D8F88 /* StockCheckerV2Tests.xctest */ = {isa = PBXFileReference; explicitFileType = wrapper.cfbundle; includeInIndex = 0; path = StockCheckerV2Tests.xctest; sourceTree = BUILT_PRODUCTS_DIR; };
		4335622628E8A0D9007D8F88 /* StockCheckerV2Tests.swift */ = {isa = PBXFileReference; lastKnownFileType = sourcecode.swift; path = StockCheckerV2Tests.swift; sourceTree = "<group>"; };
		4335622C28E8A0D9007D8F88 /* StockCheckerV2UITests.xctest */ = {isa = PBXFileReference; explicitFileType = wrapper.cfbundle; includeInIndex = 0; path = StockCheckerV2UITests.xctest; sourceTree = BUILT_PRODUCTS_DIR; };
		4335623028E8A0D9007D8F88 /* StockCheckerV2UITests.swift */ = {isa = PBXFileReference; lastKnownFileType = sourcecode.swift; path = StockCheckerV2UITests.swift; sourceTree = "<group>"; };
		4335623228E8A0D9007D8F88 /* StockCheckerV2UITestsLaunchTests.swift */ = {isa = PBXFileReference; lastKnownFileType = sourcecode.swift; path = StockCheckerV2UITestsLaunchTests.swift; sourceTree = "<group>"; };
		4335624328E8A133007D8F88 /* ResultsViewController.swift */ = {isa = PBXFileReference; fileEncoding = 4; lastKnownFileType = sourcecode.swift; path = ResultsViewController.swift; sourceTree = "<group>"; };
		4335624528E8A1C7007D8F88 /* NetworkClient.swift */ = {isa = PBXFileReference; fileEncoding = 4; lastKnownFileType = sourcecode.swift; path = NetworkClient.swift; sourceTree = "<group>"; };
		4335624728E8A1D0007D8F88 /* FulfilmentDto.swift */ = {isa = PBXFileReference; fileEncoding = 4; lastKnownFileType = sourcecode.swift; path = FulfilmentDto.swift; sourceTree = "<group>"; };
		4335624928E8A1D1007D8F88 /* AvailabilityRepository.swift */ = {isa = PBXFileReference; fileEncoding = 4; lastKnownFileType = sourcecode.swift; path = AvailabilityRepository.swift; sourceTree = "<group>"; };
		4335624A28E8A1D1007D8F88 /* FulfilmentStore.swift */ = {isa = PBXFileReference; fileEncoding = 4; lastKnownFileType = sourcecode.swift; path = FulfilmentStore.swift; sourceTree = "<group>"; };
		4335624B28E8A1D1007D8F88 /* AvailabilityApiService.swift */ = {isa = PBXFileReference; fileEncoding = 4; lastKnownFileType = sourcecode.swift; path = AvailabilityApiService.swift; sourceTree = "<group>"; };
		4335625428E9CB16007D8F88 /* ResultsViewModel.swift */ = {isa = PBXFileReference; lastKnownFileType = sourcecode.swift; path = ResultsViewModel.swift; sourceTree = "<group>"; };
		4335625828E9D705007D8F88 /* WatchDogInteractor.swift */ = {isa = PBXFileReference; lastKnownFileType = sourcecode.swift; path = WatchDogInteractor.swift; sourceTree = "<group>"; };
		4335625A28E9D924007D8F88 /* SpeakInteractor.swift */ = {isa = PBXFileReference; lastKnownFileType = sourcecode.swift; path = SpeakInteractor.swift; sourceTree = "<group>"; };
		4346DE592AD76F0C00C795C3 /* DeviceSelectionView.swift */ = {isa = PBXFileReference; lastKnownFileType = sourcecode.swift; path = DeviceSelectionView.swift; sourceTree = "<group>"; };
		4363360B28F182C200E373F5 /* InfoView.swift */ = {isa = PBXFileReference; lastKnownFileType = sourcecode.swift; path = InfoView.swift; sourceTree = "<group>"; };
		4363360D28F18B1300E373F5 /* HistoryViewController.swift */ = {isa = PBXFileReference; lastKnownFileType = sourcecode.swift; path = HistoryViewController.swift; sourceTree = "<group>"; };
		4363360F28F1E95600E373F5 /* HistoryViewModel.swift */ = {isa = PBXFileReference; lastKnownFileType = sourcecode.swift; path = HistoryViewModel.swift; sourceTree = "<group>"; };
		4363361128F1F04000E373F5 /* UIBarButtonItem+extension.swift */ = {isa = PBXFileReference; lastKnownFileType = sourcecode.swift; path = "UIBarButtonItem+extension.swift"; sourceTree = "<group>"; };
		4363361628F2D7FA00E373F5 /* AnimatedMessageView.swift */ = {isa = PBXFileReference; lastKnownFileType = sourcecode.swift; path = AnimatedMessageView.swift; sourceTree = "<group>"; };
		4363361828F2D85E00E373F5 /* dog-walking.json */ = {isa = PBXFileReference; fileEncoding = 4; lastKnownFileType = text.json; path = "dog-walking.json"; sourceTree = "<group>"; };
		4363361B28F2DC0600E373F5 /* WatchDogAnimation.swift */ = {isa = PBXFileReference; lastKnownFileType = sourcecode.swift; path = WatchDogAnimation.swift; sourceTree = "<group>"; };
		438A60FC2AD4F3B2008A6E81 /* DeviceApiService.swift */ = {isa = PBXFileReference; lastKnownFileType = sourcecode.swift; path = DeviceApiService.swift; sourceTree = "<group>"; };
		438A60FE2AD4F3BB008A6E81 /* DeviceDto.swift */ = {isa = PBXFileReference; lastKnownFileType = sourcecode.swift; path = DeviceDto.swift; sourceTree = "<group>"; };
		438A61002AD4F53F008A6E81 /* DeviceRepository.swift */ = {isa = PBXFileReference; lastKnownFileType = sourcecode.swift; path = DeviceRepository.swift; sourceTree = "<group>"; };
		438A61022AD4F5D0008A6E81 /* Device.swift */ = {isa = PBXFileReference; lastKnownFileType = sourcecode.swift; path = Device.swift; sourceTree = "<group>"; };
		438A61042AD4F68C008A6E81 /* DeviceStorageService.swift */ = {isa = PBXFileReference; lastKnownFileType = sourcecode.swift; path = DeviceStorageService.swift; sourceTree = "<group>"; };
		438A61062AD4F956008A6E81 /* Region.swift */ = {isa = PBXFileReference; lastKnownFileType = sourcecode.swift; path = Region.swift; sourceTree = "<group>"; };
		43B23B2428EB97FA00552B6C /* AvailabilityStorageService.swift */ = {isa = PBXFileReference; lastKnownFileType = sourcecode.swift; path = AvailabilityStorageService.swift; sourceTree = "<group>"; };
		43B2532628EDEEB500552B6C /* AvailabilityHistory.swift */ = {isa = PBXFileReference; lastKnownFileType = sourcecode.swift; path = AvailabilityHistory.swift; sourceTree = "<group>"; };
		43B2532928EDF74E00552B6C /* AvailableResultCell.swift */ = {isa = PBXFileReference; lastKnownFileType = sourcecode.swift; path = AvailableResultCell.swift; sourceTree = "<group>"; };
		43B2532B28EEE1BC00552B6C /* Layout+Helper.swift */ = {isa = PBXFileReference; lastKnownFileType = sourcecode.swift; path = "Layout+Helper.swift"; sourceTree = "<group>"; };
		43B2532D28EEE76400552B6C /* CellProtocol.swift */ = {isa = PBXFileReference; lastKnownFileType = sourcecode.swift; path = CellProtocol.swift; sourceTree = "<group>"; };
/* End PBXFileReference section */

/* Begin PBXFrameworksBuildPhase section */
		4335620928E8A0D6007D8F88 /* Frameworks */ = {
			isa = PBXFrameworksBuildPhase;
			buildActionMask = 2147483647;
			files = (
				4363361528F2D7E000E373F5 /* Lottie in Frameworks */,
			);
			runOnlyForDeploymentPostprocessing = 0;
		};
		4335621F28E8A0D9007D8F88 /* Frameworks */ = {
			isa = PBXFrameworksBuildPhase;
			buildActionMask = 2147483647;
			files = (
			);
			runOnlyForDeploymentPostprocessing = 0;
		};
		4335622928E8A0D9007D8F88 /* Frameworks */ = {
			isa = PBXFrameworksBuildPhase;
			buildActionMask = 2147483647;
			files = (
			);
			runOnlyForDeploymentPostprocessing = 0;
		};
/* End PBXFrameworksBuildPhase section */

/* Begin PBXGroup section */
		4332A3E32ACA357600CF157E /* Configuration */ = {
			isa = PBXGroup;
			children = (
				4332A3E12ACA356A00CF157E /* ConfigurationViewController.swift */,
				4332A3E42ACA358800CF157E /* ConfigurationView.swift */,
				4346DE592AD76F0C00C795C3 /* DeviceSelectionView.swift */,
			);
			path = Configuration;
			sourceTree = "<group>";
		};
		4335620328E8A0D6007D8F88 = {
			isa = PBXGroup;
			children = (
				4335620E28E8A0D6007D8F88 /* StockCheckerV2 */,
				4335622528E8A0D9007D8F88 /* StockCheckerV2Tests */,
				4335622F28E8A0D9007D8F88 /* StockCheckerV2UITests */,
				4335620D28E8A0D6007D8F88 /* Products */,
			);
			sourceTree = "<group>";
		};
		4335620D28E8A0D6007D8F88 /* Products */ = {
			isa = PBXGroup;
			children = (
				4335620C28E8A0D6007D8F88 /* StockCheckerV2.app */,
				4335622228E8A0D9007D8F88 /* StockCheckerV2Tests.xctest */,
				4335622C28E8A0D9007D8F88 /* StockCheckerV2UITests.xctest */,
			);
			name = Products;
			sourceTree = "<group>";
		};
		4335620E28E8A0D6007D8F88 /* StockCheckerV2 */ = {
			isa = PBXGroup;
			children = (
				4363361A28F2DBEA00E373F5 /* Helpers */,
				43B2532828EDF74200552B6C /* Views */,
				4335620F28E8A0D6007D8F88 /* AppDelegate.swift */,
				4335625728E9D655007D8F88 /* Interactors */,
				4335625128E9B852007D8F88 /* Repository */,
				4335624528E8A1C7007D8F88 /* NetworkClient.swift */,
				4335621128E8A0D6007D8F88 /* SceneDelegate.swift */,
				4335625328E9CAF8007D8F88 /* Screens */,
				4335621828E8A0D9007D8F88 /* Assets.xcassets */,
				4363361828F2D85E00E373F5 /* dog-walking.json */,
				4335621A28E8A0D9007D8F88 /* LaunchScreen.storyboard */,
				4335621D28E8A0D9007D8F88 /* Info.plist */,
				43B2532B28EEE1BC00552B6C /* Layout+Helper.swift */,
			);
			path = StockCheckerV2;
			sourceTree = "<group>";
		};
		4335622528E8A0D9007D8F88 /* StockCheckerV2Tests */ = {
			isa = PBXGroup;
			children = (
				4335622628E8A0D9007D8F88 /* StockCheckerV2Tests.swift */,
			);
			path = StockCheckerV2Tests;
			sourceTree = "<group>";
		};
		4335622F28E8A0D9007D8F88 /* StockCheckerV2UITests */ = {
			isa = PBXGroup;
			children = (
				4335623028E8A0D9007D8F88 /* StockCheckerV2UITests.swift */,
				4335623228E8A0D9007D8F88 /* StockCheckerV2UITestsLaunchTests.swift */,
			);
			path = StockCheckerV2UITests;
			sourceTree = "<group>";
		};
		4335625128E9B852007D8F88 /* Repository */ = {
			isa = PBXGroup;
			children = (
				438A60FB2AD4F3A0008A6E81 /* Devices */,
				4335624B28E8A1D1007D8F88 /* AvailabilityApiService.swift */,
				4335624928E8A1D1007D8F88 /* AvailabilityRepository.swift */,
				4335624728E8A1D0007D8F88 /* FulfilmentDto.swift */,
				4335624A28E8A1D1007D8F88 /* FulfilmentStore.swift */,
				43B23B2428EB97FA00552B6C /* AvailabilityStorageService.swift */,
				43B2532628EDEEB500552B6C /* AvailabilityHistory.swift */,
				438A61062AD4F956008A6E81 /* Region.swift */,
			);
			path = Repository;
			sourceTree = "<group>";
		};
		4335625328E9CAF8007D8F88 /* Screens */ = {
			isa = PBXGroup;
			children = (
				4335624328E8A133007D8F88 /* ResultsViewController.swift */,
				4335625428E9CB16007D8F88 /* ResultsViewModel.swift */,
				4363360D28F18B1300E373F5 /* HistoryViewController.swift */,
				4363360F28F1E95600E373F5 /* HistoryViewModel.swift */,
				4332A3E32ACA357600CF157E /* Configuration */,
			);
			path = Screens;
			sourceTree = "<group>";
		};
		4335625728E9D655007D8F88 /* Interactors */ = {
			isa = PBXGroup;
			children = (
				4335625828E9D705007D8F88 /* WatchDogInteractor.swift */,
				4335625A28E9D924007D8F88 /* SpeakInteractor.swift */,
			);
			path = Interactors;
			sourceTree = "<group>";
		};
		4363361A28F2DBEA00E373F5 /* Helpers */ = {
			isa = PBXGroup;
			children = (
				4363361B28F2DC0600E373F5 /* WatchDogAnimation.swift */,
			);
			path = Helpers;
			sourceTree = "<group>";
		};
		438A60FB2AD4F3A0008A6E81 /* Devices */ = {
			isa = PBXGroup;
			children = (
				438A60FC2AD4F3B2008A6E81 /* DeviceApiService.swift */,
				438A60FE2AD4F3BB008A6E81 /* DeviceDto.swift */,
				438A61002AD4F53F008A6E81 /* DeviceRepository.swift */,
				438A61022AD4F5D0008A6E81 /* Device.swift */,
				438A61042AD4F68C008A6E81 /* DeviceStorageService.swift */,
			);
			path = Devices;
			sourceTree = "<group>";
		};
		43B2532828EDF74200552B6C /* Views */ = {
			isa = PBXGroup;
			children = (
				43B2532928EDF74E00552B6C /* AvailableResultCell.swift */,
				43B2532D28EEE76400552B6C /* CellProtocol.swift */,
				4363360B28F182C200E373F5 /* InfoView.swift */,
				4363361128F1F04000E373F5 /* UIBarButtonItem+extension.swift */,
				4363361628F2D7FA00E373F5 /* AnimatedMessageView.swift */,
			);
			path = Views;
			sourceTree = "<group>";
		};
/* End PBXGroup section */

/* Begin PBXNativeTarget section */
		4335620B28E8A0D6007D8F88 /* StockCheckerV2 */ = {
			isa = PBXNativeTarget;
			buildConfigurationList = 4335623628E8A0D9007D8F88 /* Build configuration list for PBXNativeTarget "StockCheckerV2" */;
			buildPhases = (
				4335620828E8A0D6007D8F88 /* Sources */,
				4335620928E8A0D6007D8F88 /* Frameworks */,
				4335620A28E8A0D6007D8F88 /* Resources */,
			);
			buildRules = (
			);
			dependencies = (
			);
			name = StockCheckerV2;
			packageProductDependencies = (
				4363361428F2D7E000E373F5 /* Lottie */,
			);
			productName = StockCheckerV2;
			productReference = 4335620C28E8A0D6007D8F88 /* StockCheckerV2.app */;
			productType = "com.apple.product-type.application";
		};
		4335622128E8A0D9007D8F88 /* StockCheckerV2Tests */ = {
			isa = PBXNativeTarget;
			buildConfigurationList = 4335623928E8A0D9007D8F88 /* Build configuration list for PBXNativeTarget "StockCheckerV2Tests" */;
			buildPhases = (
				4335621E28E8A0D9007D8F88 /* Sources */,
				4335621F28E8A0D9007D8F88 /* Frameworks */,
				4335622028E8A0D9007D8F88 /* Resources */,
			);
			buildRules = (
			);
			dependencies = (
				4335622428E8A0D9007D8F88 /* PBXTargetDependency */,
			);
			name = StockCheckerV2Tests;
			productName = StockCheckerV2Tests;
			productReference = 4335622228E8A0D9007D8F88 /* StockCheckerV2Tests.xctest */;
			productType = "com.apple.product-type.bundle.unit-test";
		};
		4335622B28E8A0D9007D8F88 /* StockCheckerV2UITests */ = {
			isa = PBXNativeTarget;
			buildConfigurationList = 4335623C28E8A0D9007D8F88 /* Build configuration list for PBXNativeTarget "StockCheckerV2UITests" */;
			buildPhases = (
				4335622828E8A0D9007D8F88 /* Sources */,
				4335622928E8A0D9007D8F88 /* Frameworks */,
				4335622A28E8A0D9007D8F88 /* Resources */,
			);
			buildRules = (
			);
			dependencies = (
				4335622E28E8A0D9007D8F88 /* PBXTargetDependency */,
			);
			name = StockCheckerV2UITests;
			productName = StockCheckerV2UITests;
			productReference = 4335622C28E8A0D9007D8F88 /* StockCheckerV2UITests.xctest */;
			productType = "com.apple.product-type.bundle.ui-testing";
		};
/* End PBXNativeTarget section */

/* Begin PBXProject section */
		4335620428E8A0D6007D8F88 /* Project object */ = {
			isa = PBXProject;
			attributes = {
				BuildIndependentTargetsInParallel = 1;
				LastSwiftUpdateCheck = 1340;
				LastUpgradeCheck = 1340;
				TargetAttributes = {
					4335620B28E8A0D6007D8F88 = {
						CreatedOnToolsVersion = 13.4.1;
					};
					4335622128E8A0D9007D8F88 = {
						CreatedOnToolsVersion = 13.4.1;
						TestTargetID = 4335620B28E8A0D6007D8F88;
					};
					4335622B28E8A0D9007D8F88 = {
						CreatedOnToolsVersion = 13.4.1;
						TestTargetID = 4335620B28E8A0D6007D8F88;
					};
				};
			};
			buildConfigurationList = 4335620728E8A0D6007D8F88 /* Build configuration list for PBXProject "StockCheckerV2" */;
			compatibilityVersion = "Xcode 13.0";
			developmentRegion = en;
			hasScannedForEncodings = 0;
			knownRegions = (
				en,
				Base,
			);
			mainGroup = 4335620328E8A0D6007D8F88;
			packageReferences = (
				4363361328F2D7E000E373F5 /* XCRemoteSwiftPackageReference "lottie-ios" */,
			);
			productRefGroup = 4335620D28E8A0D6007D8F88 /* Products */;
			projectDirPath = "";
			projectRoot = "";
			targets = (
				4335620B28E8A0D6007D8F88 /* StockCheckerV2 */,
				4335622128E8A0D9007D8F88 /* StockCheckerV2Tests */,
				4335622B28E8A0D9007D8F88 /* StockCheckerV2UITests */,
			);
		};
/* End PBXProject section */

/* Begin PBXResourcesBuildPhase section */
		4335620A28E8A0D6007D8F88 /* Resources */ = {
			isa = PBXResourcesBuildPhase;
			buildActionMask = 2147483647;
			files = (
				4335621C28E8A0D9007D8F88 /* LaunchScreen.storyboard in Resources */,
				4335621928E8A0D9007D8F88 /* Assets.xcassets in Resources */,
				4363361928F2D85E00E373F5 /* dog-walking.json in Resources */,
			);
			runOnlyForDeploymentPostprocessing = 0;
		};
		4335622028E8A0D9007D8F88 /* Resources */ = {
			isa = PBXResourcesBuildPhase;
			buildActionMask = 2147483647;
			files = (
			);
			runOnlyForDeploymentPostprocessing = 0;
		};
		4335622A28E8A0D9007D8F88 /* Resources */ = {
			isa = PBXResourcesBuildPhase;
			buildActionMask = 2147483647;
			files = (
			);
			runOnlyForDeploymentPostprocessing = 0;
		};
/* End PBXResourcesBuildPhase section */

/* Begin PBXSourcesBuildPhase section */
		4335620828E8A0D6007D8F88 /* Sources */ = {
			isa = PBXSourcesBuildPhase;
			buildActionMask = 2147483647;
			files = (
				4346DE5A2AD76F0C00C795C3 /* DeviceSelectionView.swift in Sources */,
				4363361C28F2DC0600E373F5 /* WatchDogAnimation.swift in Sources */,
				438A61052AD4F68C008A6E81 /* DeviceStorageService.swift in Sources */,
				438A61012AD4F53F008A6E81 /* DeviceRepository.swift in Sources */,
				438A61072AD4F956008A6E81 /* Region.swift in Sources */,
				4332A3E52ACA358800CF157E /* ConfigurationView.swift in Sources */,
				4332A3E22ACA356A00CF157E /* ConfigurationViewController.swift in Sources */,
				4335624E28E8A1D1007D8F88 /* AvailabilityRepository.swift in Sources */,
				4363361228F1F04000E373F5 /* UIBarButtonItem+extension.swift in Sources */,
				4363361728F2D7FA00E373F5 /* AnimatedMessageView.swift in Sources */,
				4335625528E9CB16007D8F88 /* ResultsViewModel.swift in Sources */,
				4335624428E8A133007D8F88 /* ResultsViewController.swift in Sources */,
				438A60FF2AD4F3BB008A6E81 /* DeviceDto.swift in Sources */,
				438A61032AD4F5D0008A6E81 /* Device.swift in Sources */,
				43B2532A28EDF74E00552B6C /* AvailableResultCell.swift in Sources */,
				43B2532E28EEE76400552B6C /* CellProtocol.swift in Sources */,
				43B2532C28EEE1BC00552B6C /* Layout+Helper.swift in Sources */,
				4335621028E8A0D6007D8F88 /* AppDelegate.swift in Sources */,
				43B23B2528EB97FA00552B6C /* AvailabilityStorageService.swift in Sources */,
				4335624F28E8A1D1007D8F88 /* FulfilmentStore.swift in Sources */,
				4335625928E9D705007D8F88 /* WatchDogInteractor.swift in Sources */,
				4335625028E8A1D1007D8F88 /* AvailabilityApiService.swift in Sources */,
				438A60FD2AD4F3B2008A6E81 /* DeviceApiService.swift in Sources */,
				4335621228E8A0D6007D8F88 /* SceneDelegate.swift in Sources */,
				4335624628E8A1C7007D8F88 /* NetworkClient.swift in Sources */,
				43B2532728EDEEB500552B6C /* AvailabilityHistory.swift in Sources */,
				4363361028F1E95600E373F5 /* HistoryViewModel.swift in Sources */,
				4335624C28E8A1D1007D8F88 /* FulfilmentDto.swift in Sources */,
				4363360E28F18B1300E373F5 /* HistoryViewController.swift in Sources */,
				4363360C28F182C200E373F5 /* InfoView.swift in Sources */,
				4335625B28E9D924007D8F88 /* SpeakInteractor.swift in Sources */,
			);
			runOnlyForDeploymentPostprocessing = 0;
		};
		4335621E28E8A0D9007D8F88 /* Sources */ = {
			isa = PBXSourcesBuildPhase;
			buildActionMask = 2147483647;
			files = (
				4335622728E8A0D9007D8F88 /* StockCheckerV2Tests.swift in Sources */,
			);
			runOnlyForDeploymentPostprocessing = 0;
		};
		4335622828E8A0D9007D8F88 /* Sources */ = {
			isa = PBXSourcesBuildPhase;
			buildActionMask = 2147483647;
			files = (
				4335623128E8A0D9007D8F88 /* StockCheckerV2UITests.swift in Sources */,
				4335623328E8A0D9007D8F88 /* StockCheckerV2UITestsLaunchTests.swift in Sources */,
			);
			runOnlyForDeploymentPostprocessing = 0;
		};
/* End PBXSourcesBuildPhase section */

/* Begin PBXTargetDependency section */
		4335622428E8A0D9007D8F88 /* PBXTargetDependency */ = {
			isa = PBXTargetDependency;
			target = 4335620B28E8A0D6007D8F88 /* StockCheckerV2 */;
			targetProxy = 4335622328E8A0D9007D8F88 /* PBXContainerItemProxy */;
		};
		4335622E28E8A0D9007D8F88 /* PBXTargetDependency */ = {
			isa = PBXTargetDependency;
			target = 4335620B28E8A0D6007D8F88 /* StockCheckerV2 */;
			targetProxy = 4335622D28E8A0D9007D8F88 /* PBXContainerItemProxy */;
		};
/* End PBXTargetDependency section */

/* Begin PBXVariantGroup section */
		4335621A28E8A0D9007D8F88 /* LaunchScreen.storyboard */ = {
			isa = PBXVariantGroup;
			children = (
				4335621B28E8A0D9007D8F88 /* Base */,
			);
			name = LaunchScreen.storyboard;
			sourceTree = "<group>";
		};
/* End PBXVariantGroup section */

/* Begin XCBuildConfiguration section */
		4335623428E8A0D9007D8F88 /* Debug */ = {
			isa = XCBuildConfiguration;
			buildSettings = {
				ALWAYS_SEARCH_USER_PATHS = NO;
				CLANG_ANALYZER_NONNULL = YES;
				CLANG_ANALYZER_NUMBER_OBJECT_CONVERSION = YES_AGGRESSIVE;
				CLANG_CXX_LANGUAGE_STANDARD = "gnu++17";
				CLANG_ENABLE_MODULES = YES;
				CLANG_ENABLE_OBJC_ARC = YES;
				CLANG_ENABLE_OBJC_WEAK = YES;
				CLANG_WARN_BLOCK_CAPTURE_AUTORELEASING = YES;
				CLANG_WARN_BOOL_CONVERSION = YES;
				CLANG_WARN_COMMA = YES;
				CLANG_WARN_CONSTANT_CONVERSION = YES;
				CLANG_WARN_DEPRECATED_OBJC_IMPLEMENTATIONS = YES;
				CLANG_WARN_DIRECT_OBJC_ISA_USAGE = YES_ERROR;
				CLANG_WARN_DOCUMENTATION_COMMENTS = YES;
				CLANG_WARN_EMPTY_BODY = YES;
				CLANG_WARN_ENUM_CONVERSION = YES;
				CLANG_WARN_INFINITE_RECURSION = YES;
				CLANG_WARN_INT_CONVERSION = YES;
				CLANG_WARN_NON_LITERAL_NULL_CONVERSION = YES;
				CLANG_WARN_OBJC_IMPLICIT_RETAIN_SELF = YES;
				CLANG_WARN_OBJC_LITERAL_CONVERSION = YES;
				CLANG_WARN_OBJC_ROOT_CLASS = YES_ERROR;
				CLANG_WARN_QUOTED_INCLUDE_IN_FRAMEWORK_HEADER = YES;
				CLANG_WARN_RANGE_LOOP_ANALYSIS = YES;
				CLANG_WARN_STRICT_PROTOTYPES = YES;
				CLANG_WARN_SUSPICIOUS_MOVE = YES;
				CLANG_WARN_UNGUARDED_AVAILABILITY = YES_AGGRESSIVE;
				CLANG_WARN_UNREACHABLE_CODE = YES;
				CLANG_WARN__DUPLICATE_METHOD_MATCH = YES;
				COPY_PHASE_STRIP = NO;
				DEBUG_INFORMATION_FORMAT = dwarf;
				ENABLE_STRICT_OBJC_MSGSEND = YES;
				ENABLE_TESTABILITY = YES;
				GCC_C_LANGUAGE_STANDARD = gnu11;
				GCC_DYNAMIC_NO_PIC = NO;
				GCC_NO_COMMON_BLOCKS = YES;
				GCC_OPTIMIZATION_LEVEL = 0;
				GCC_PREPROCESSOR_DEFINITIONS = (
					"DEBUG=1",
					"$(inherited)",
				);
				GCC_WARN_64_TO_32_BIT_CONVERSION = YES;
				GCC_WARN_ABOUT_RETURN_TYPE = YES_ERROR;
				GCC_WARN_UNDECLARED_SELECTOR = YES;
				GCC_WARN_UNINITIALIZED_AUTOS = YES_AGGRESSIVE;
				GCC_WARN_UNUSED_FUNCTION = YES;
				GCC_WARN_UNUSED_VARIABLE = YES;
				IPHONEOS_DEPLOYMENT_TARGET = 15.5;
				MTL_ENABLE_DEBUG_INFO = INCLUDE_SOURCE;
				MTL_FAST_MATH = YES;
				ONLY_ACTIVE_ARCH = YES;
				SDKROOT = iphoneos;
				SWIFT_ACTIVE_COMPILATION_CONDITIONS = DEBUG;
				SWIFT_OPTIMIZATION_LEVEL = "-Onone";
			};
			name = Debug;
		};
		4335623528E8A0D9007D8F88 /* Release */ = {
			isa = XCBuildConfiguration;
			buildSettings = {
				ALWAYS_SEARCH_USER_PATHS = NO;
				CLANG_ANALYZER_NONNULL = YES;
				CLANG_ANALYZER_NUMBER_OBJECT_CONVERSION = YES_AGGRESSIVE;
				CLANG_CXX_LANGUAGE_STANDARD = "gnu++17";
				CLANG_ENABLE_MODULES = YES;
				CLANG_ENABLE_OBJC_ARC = YES;
				CLANG_ENABLE_OBJC_WEAK = YES;
				CLANG_WARN_BLOCK_CAPTURE_AUTORELEASING = YES;
				CLANG_WARN_BOOL_CONVERSION = YES;
				CLANG_WARN_COMMA = YES;
				CLANG_WARN_CONSTANT_CONVERSION = YES;
				CLANG_WARN_DEPRECATED_OBJC_IMPLEMENTATIONS = YES;
				CLANG_WARN_DIRECT_OBJC_ISA_USAGE = YES_ERROR;
				CLANG_WARN_DOCUMENTATION_COMMENTS = YES;
				CLANG_WARN_EMPTY_BODY = YES;
				CLANG_WARN_ENUM_CONVERSION = YES;
				CLANG_WARN_INFINITE_RECURSION = YES;
				CLANG_WARN_INT_CONVERSION = YES;
				CLANG_WARN_NON_LITERAL_NULL_CONVERSION = YES;
				CLANG_WARN_OBJC_IMPLICIT_RETAIN_SELF = YES;
				CLANG_WARN_OBJC_LITERAL_CONVERSION = YES;
				CLANG_WARN_OBJC_ROOT_CLASS = YES_ERROR;
				CLANG_WARN_QUOTED_INCLUDE_IN_FRAMEWORK_HEADER = YES;
				CLANG_WARN_RANGE_LOOP_ANALYSIS = YES;
				CLANG_WARN_STRICT_PROTOTYPES = YES;
				CLANG_WARN_SUSPICIOUS_MOVE = YES;
				CLANG_WARN_UNGUARDED_AVAILABILITY = YES_AGGRESSIVE;
				CLANG_WARN_UNREACHABLE_CODE = YES;
				CLANG_WARN__DUPLICATE_METHOD_MATCH = YES;
				COPY_PHASE_STRIP = NO;
				DEBUG_INFORMATION_FORMAT = "dwarf-with-dsym";
				ENABLE_NS_ASSERTIONS = NO;
				ENABLE_STRICT_OBJC_MSGSEND = YES;
				GCC_C_LANGUAGE_STANDARD = gnu11;
				GCC_NO_COMMON_BLOCKS = YES;
				GCC_WARN_64_TO_32_BIT_CONVERSION = YES;
				GCC_WARN_ABOUT_RETURN_TYPE = YES_ERROR;
				GCC_WARN_UNDECLARED_SELECTOR = YES;
				GCC_WARN_UNINITIALIZED_AUTOS = YES_AGGRESSIVE;
				GCC_WARN_UNUSED_FUNCTION = YES;
				GCC_WARN_UNUSED_VARIABLE = YES;
				IPHONEOS_DEPLOYMENT_TARGET = 15.5;
				MTL_ENABLE_DEBUG_INFO = NO;
				MTL_FAST_MATH = YES;
				SDKROOT = iphoneos;
				SWIFT_COMPILATION_MODE = wholemodule;
				SWIFT_OPTIMIZATION_LEVEL = "-O";
				VALIDATE_PRODUCT = YES;
			};
			name = Release;
		};
		4335623728E8A0D9007D8F88 /* Debug */ = {
			isa = XCBuildConfiguration;
			buildSettings = {
				ASSETCATALOG_COMPILER_APPICON_NAME = AppIcon;
				ASSETCATALOG_COMPILER_GLOBAL_ACCENT_COLOR_NAME = AccentColor;
				CODE_SIGN_STYLE = Automatic;
				CURRENT_PROJECT_VERSION = 6;
				DEVELOPMENT_TEAM = TSAUHSF6TJ;
				GENERATE_INFOPLIST_FILE = YES;
				INFOPLIST_FILE = StockCheckerV2/Info.plist;
				INFOPLIST_KEY_CFBundleDisplayName = "Watch Dog";
				INFOPLIST_KEY_UIApplicationSupportsIndirectInputEvents = YES;
				INFOPLIST_KEY_UILaunchStoryboardName = LaunchScreen;
				INFOPLIST_KEY_UISupportedInterfaceOrientations_iPad = "UIInterfaceOrientationPortrait UIInterfaceOrientationPortraitUpsideDown UIInterfaceOrientationLandscapeLeft UIInterfaceOrientationLandscapeRight";
				INFOPLIST_KEY_UISupportedInterfaceOrientations_iPhone = "UIInterfaceOrientationPortrait UIInterfaceOrientationLandscapeLeft UIInterfaceOrientationLandscapeRight";
				LD_RUNPATH_SEARCH_PATHS = (
					"$(inherited)",
					"@executable_path/Frameworks",
				);
				MARKETING_VERSION = 2.1;
				PRODUCT_BUNDLE_IDENTIFIER = com.vbp.StockCheckerV2;
				PRODUCT_NAME = "$(TARGET_NAME)";
				SWIFT_EMIT_LOC_STRINGS = YES;
				SWIFT_VERSION = 5.0;
				TARGETED_DEVICE_FAMILY = "1,2";
			};
			name = Debug;
		};
		4335623828E8A0D9007D8F88 /* Release */ = {
			isa = XCBuildConfiguration;
			buildSettings = {
				ASSETCATALOG_COMPILER_APPICON_NAME = AppIcon;
				ASSETCATALOG_COMPILER_GLOBAL_ACCENT_COLOR_NAME = AccentColor;
				CODE_SIGN_STYLE = Automatic;
				CURRENT_PROJECT_VERSION = 6;
				DEVELOPMENT_TEAM = TSAUHSF6TJ;
				GENERATE_INFOPLIST_FILE = YES;
				INFOPLIST_FILE = StockCheckerV2/Info.plist;
				INFOPLIST_KEY_CFBundleDisplayName = "Watch Dog";
				INFOPLIST_KEY_UIApplicationSupportsIndirectInputEvents = YES;
				INFOPLIST_KEY_UILaunchStoryboardName = LaunchScreen;
				INFOPLIST_KEY_UISupportedInterfaceOrientations_iPad = "UIInterfaceOrientationPortrait UIInterfaceOrientationPortraitUpsideDown UIInterfaceOrientationLandscapeLeft UIInterfaceOrientationLandscapeRight";
				INFOPLIST_KEY_UISupportedInterfaceOrientations_iPhone = "UIInterfaceOrientationPortrait UIInterfaceOrientationLandscapeLeft UIInterfaceOrientationLandscapeRight";
				LD_RUNPATH_SEARCH_PATHS = (
					"$(inherited)",
					"@executable_path/Frameworks",
				);
				MARKETING_VERSION = 2.1;
				PRODUCT_BUNDLE_IDENTIFIER = com.vbp.StockCheckerV2;
				PRODUCT_NAME = "$(TARGET_NAME)";
				SWIFT_EMIT_LOC_STRINGS = YES;
				SWIFT_VERSION = 5.0;
				TARGETED_DEVICE_FAMILY = "1,2";
			};
			name = Release;
		};
		4335623A28E8A0D9007D8F88 /* Debug */ = {
			isa = XCBuildConfiguration;
			buildSettings = {
				ALWAYS_EMBED_SWIFT_STANDARD_LIBRARIES = YES;
				BUNDLE_LOADER = "$(TEST_HOST)";
				CODE_SIGN_STYLE = Automatic;
				CURRENT_PROJECT_VERSION = 6;
				DEVELOPMENT_TEAM = 62R3RZ3Q73;
				GENERATE_INFOPLIST_FILE = YES;
				IPHONEOS_DEPLOYMENT_TARGET = 15.5;
				MARKETING_VERSION = 1.0;
				PRODUCT_BUNDLE_IDENTIFIER = com.vbp.StockCheckerV2Tests;
				PRODUCT_NAME = "$(TARGET_NAME)";
				SWIFT_EMIT_LOC_STRINGS = NO;
				SWIFT_VERSION = 5.0;
				TARGETED_DEVICE_FAMILY = "1,2";
				TEST_HOST = "$(BUILT_PRODUCTS_DIR)/StockCheckerV2.app/StockCheckerV2";
			};
			name = Debug;
		};
		4335623B28E8A0D9007D8F88 /* Release */ = {
			isa = XCBuildConfiguration;
			buildSettings = {
				ALWAYS_EMBED_SWIFT_STANDARD_LIBRARIES = YES;
				BUNDLE_LOADER = "$(TEST_HOST)";
				CODE_SIGN_STYLE = Automatic;
				CURRENT_PROJECT_VERSION = 6;
				DEVELOPMENT_TEAM = 62R3RZ3Q73;
				GENERATE_INFOPLIST_FILE = YES;
				IPHONEOS_DEPLOYMENT_TARGET = 15.5;
				MARKETING_VERSION = 1.0;
				PRODUCT_BUNDLE_IDENTIFIER = com.vbp.StockCheckerV2Tests;
				PRODUCT_NAME = "$(TARGET_NAME)";
				SWIFT_EMIT_LOC_STRINGS = NO;
				SWIFT_VERSION = 5.0;
				TARGETED_DEVICE_FAMILY = "1,2";
				TEST_HOST = "$(BUILT_PRODUCTS_DIR)/StockCheckerV2.app/StockCheckerV2";
			};
			name = Release;
		};
		4335623D28E8A0D9007D8F88 /* Debug */ = {
			isa = XCBuildConfiguration;
			buildSettings = {
				ALWAYS_EMBED_SWIFT_STANDARD_LIBRARIES = YES;
				CODE_SIGN_STYLE = Automatic;
				CURRENT_PROJECT_VERSION = 6;
				DEVELOPMENT_TEAM = 62R3RZ3Q73;
				GENERATE_INFOPLIST_FILE = YES;
				MARKETING_VERSION = 1.0;
				PRODUCT_BUNDLE_IDENTIFIER = com.vbp.StockCheckerV2UITests;
				PRODUCT_NAME = "$(TARGET_NAME)";
				SWIFT_EMIT_LOC_STRINGS = NO;
				SWIFT_VERSION = 5.0;
				TARGETED_DEVICE_FAMILY = "1,2";
				TEST_TARGET_NAME = StockCheckerV2;
			};
			name = Debug;
		};
		4335623E28E8A0D9007D8F88 /* Release */ = {
			isa = XCBuildConfiguration;
			buildSettings = {
				ALWAYS_EMBED_SWIFT_STANDARD_LIBRARIES = YES;
				CODE_SIGN_STYLE = Automatic;
				CURRENT_PROJECT_VERSION = 6;
				DEVELOPMENT_TEAM = 62R3RZ3Q73;
				GENERATE_INFOPLIST_FILE = YES;
				MARKETING_VERSION = 1.0;
				PRODUCT_BUNDLE_IDENTIFIER = com.vbp.StockCheckerV2UITests;
				PRODUCT_NAME = "$(TARGET_NAME)";
				SWIFT_EMIT_LOC_STRINGS = NO;
				SWIFT_VERSION = 5.0;
				TARGETED_DEVICE_FAMILY = "1,2";
				TEST_TARGET_NAME = StockCheckerV2;
			};
			name = Release;
		};
/* End XCBuildConfiguration section */

/* Begin XCConfigurationList section */
		4335620728E8A0D6007D8F88 /* Build configuration list for PBXProject "StockCheckerV2" */ = {
			isa = XCConfigurationList;
			buildConfigurations = (
				4335623428E8A0D9007D8F88 /* Debug */,
				4335623528E8A0D9007D8F88 /* Release */,
			);
			defaultConfigurationIsVisible = 0;
			defaultConfigurationName = Release;
		};
		4335623628E8A0D9007D8F88 /* Build configuration list for PBXNativeTarget "StockCheckerV2" */ = {
			isa = XCConfigurationList;
			buildConfigurations = (
				4335623728E8A0D9007D8F88 /* Debug */,
				4335623828E8A0D9007D8F88 /* Release */,
			);
			defaultConfigurationIsVisible = 0;
			defaultConfigurationName = Release;
		};
		4335623928E8A0D9007D8F88 /* Build configuration list for PBXNativeTarget "StockCheckerV2Tests" */ = {
			isa = XCConfigurationList;
			buildConfigurations = (
				4335623A28E8A0D9007D8F88 /* Debug */,
				4335623B28E8A0D9007D8F88 /* Release */,
			);
			defaultConfigurationIsVisible = 0;
			defaultConfigurationName = Release;
		};
		4335623C28E8A0D9007D8F88 /* Build configuration list for PBXNativeTarget "StockCheckerV2UITests" */ = {
			isa = XCConfigurationList;
			buildConfigurations = (
				4335623D28E8A0D9007D8F88 /* Debug */,
				4335623E28E8A0D9007D8F88 /* Release */,
			);
			defaultConfigurationIsVisible = 0;
			defaultConfigurationName = Release;
		};
/* End XCConfigurationList section */

/* Begin XCRemoteSwiftPackageReference section */
		4363361328F2D7E000E373F5 /* XCRemoteSwiftPackageReference "lottie-ios" */ = {
			isa = XCRemoteSwiftPackageReference;
			repositoryURL = "https://github.com/airbnb/lottie-ios.git";
			requirement = {
				kind = upToNextMajorVersion;
				minimumVersion = 3.0.0;
			};
		};
/* End XCRemoteSwiftPackageReference section */

/* Begin XCSwiftPackageProductDependency section */
		4363361428F2D7E000E373F5 /* Lottie */ = {
			isa = XCSwiftPackageProductDependency;
			package = 4363361328F2D7E000E373F5 /* XCRemoteSwiftPackageReference "lottie-ios" */;
			productName = Lottie;
		};
/* End XCSwiftPackageProductDependency section */
	};
	rootObject = 4335620428E8A0D6007D8F88 /* Project object */;
}
